
Microsoft Visual Studio Solution File, Format Version 12.00
# Visual Studio Version 17
VisualStudioVersion = 17.7.34031.279
MinimumVisualStudioVersion = 10.0.40219.1
Project("{9A19103F-16F7-4668-BE54-9A1E7A4F7556}") = "Core_Web", "Core_Web\Core_Web.csproj", "{1FE202E7-B54B-4C89-9DA2-4B1B3DA11207}"
EndProject
Project("{9A19103F-16F7-4668-BE54-9A1E7A4F7556}") = "BusinessLayer", "BusinessLayer\BusinessLayer.csproj", "{0CE30A05-B870-4333-BC4B-F64D57FF5E47}"
EndProject
Project("{9A19103F-16F7-4668-BE54-9A1E7A4F7556}") = "DataAccessLayer", "DataAccessLayer\DataAccessLayer.csproj", "{AEDBC64F-4E01-46FA-A240-EA3C68B3E38C}"
EndProject
Project("{9A19103F-16F7-4668-BE54-9A1E7A4F7556}") = "EntityLayer", "EntityLayer\EntityLayer.csproj", "{5332EADC-F5DE-4162-B9ED-5D1ECE07B705}"
EndProject
Project("{FAE04EC0-301F-11D3-BF4B-00C04F79EFBC}") = "Core_Proje_Api", "Core_Proje_Api\Core_Proje_Api.csproj", "{73764ACF-9B88-4B44-A434-37080DA4D9FD}"
EndProject
Global
	GlobalSection(SolutionConfigurationPlatforms) = preSolution
		Debug|Any CPU = Debug|Any CPU
		Release|Any CPU = Release|Any CPU
	EndGlobalSection
	GlobalSection(ProjectConfigurationPlatforms) = postSolution
		{1FE202E7-B54B-4C89-9DA2-4B1B3DA11207}.Debug|Any CPU.ActiveCfg = Debug|Any CPU
		{1FE202E7-B54B-4C89-9DA2-4B1B3DA11207}.Debug|Any CPU.Build.0 = Debug|Any CPU
		{1FE202E7-B54B-4C89-9DA2-4B1B3DA11207}.Release|Any CPU.ActiveCfg = Release|Any CPU
		{1FE202E7-B54B-4C89-9DA2-4B1B3DA11207}.Release|Any CPU.Build.0 = Release|Any CPU
		{0CE30A05-B870-4333-BC4B-F64D57FF5E47}.Debug|Any CPU.ActiveCfg = Debug|Any CPU
		{0CE30A05-B870-4333-BC4B-F64D57FF5E47}.Debug|Any CPU.Build.0 = Debug|Any CPU
		{0CE30A05-B870-4333-BC4B-F64D57FF5E47}.Release|Any CPU.ActiveCfg = Release|Any CPU
		{0CE30A05-B870-4333-BC4B-F64D57FF5E47}.Release|Any CPU.Build.0 = Release|Any CPU
		{AEDBC64F-4E01-46FA-A240-EA3C68B3E38C}.Debug|Any CPU.ActiveCfg = Debug|Any CPU
		{AEDBC64F-4E01-46FA-A240-EA3C68B3E38C}.Debug|Any CPU.Build.0 = Debug|Any CPU
		{AEDBC64F-4E01-46FA-A240-EA3C68B3E38C}.Release|Any CPU.ActiveCfg = Release|Any CPU
		{AEDBC64F-4E01-46FA-A240-EA3C68B3E38C}.Release|Any CPU.Build.0 = Release|Any CPU
		{5332EADC-F5DE-4162-B9ED-5D1ECE07B705}.Debug|Any CPU.ActiveCfg = Debug|Any CPU
		{5332EADC-F5DE-4162-B9ED-5D1ECE07B705}.Debug|Any CPU.Build.0 = Debug|Any CPU
		{5332EADC-F5DE-4162-B9ED-5D1ECE07B705}.Release|Any CPU.ActiveCfg = Release|Any CPU
		{5332EADC-F5DE-4162-B9ED-5D1ECE07B705}.Release|Any CPU.Build.0 = Release|Any CPU
		{73764ACF-9B88-4B44-A434-37080DA4D9FD}.Debug|Any CPU.ActiveCfg = Debug|Any CPU
		{73764ACF-9B88-4B44-A434-37080DA4D9FD}.Debug|Any CPU.Build.0 = Debug|Any CPU
		{73764ACF-9B88-4B44-A434-37080DA4D9FD}.Release|Any CPU.ActiveCfg = Release|Any CPU
		{73764ACF-9B88-4B44-A434-37080DA4D9FD}.Release|Any CPU.Build.0 = Release|Any CPU
	EndGlobalSection
	GlobalSection(SolutionProperties) = preSolution
		HideSolutionNode = FALSE
	EndGlobalSection
	GlobalSection(ExtensibilityGlobals) = postSolution
		SolutionGuid = {B0C261EA-AC93-4365-980A-470241529CF3}
	EndGlobalSection
EndGlobal
